
Microsoft Visual Studio Solution File, Format Version 12.00
# Visual Studio Version 17
VisualStudioVersion = 17.10.34916.146
MinimumVisualStudioVersion = 10.0.40219.1
Project("{9A19103F-16F7-4668-BE54-9A1E7A4F7556}") = "01-Delegate", "01-Delegate\01-Delegate.csproj", "{41040A87-3AA3-400C-A896-5134D76A7AE0}"
EndProject
Project("{FAE04EC0-301F-11D3-BF4B-00C04F79EFBC}") = "02-Attribute", "02-Attribute\02-Attribute.csproj", "{261B75BD-CC2C-4658-B4A9-914B16F24377}"
EndProject
Global
	GlobalSection(SolutionConfigurationPlatforms) = preSolution
		Debug|Any CPU = Debug|Any CPU
		Release|Any CPU = Release|Any CPU
	EndGlobalSection
	GlobalSection(ProjectConfigurationPlatforms) = postSolution
		{41040A87-3AA3-400C-A896-5134D76A7AE0}.Debug|Any CPU.ActiveCfg = Debug|Any CPU
		{41040A87-3AA3-400C-A896-5134D76A7AE0}.Debug|Any CPU.Build.0 = Debug|Any CPU
		{41040A87-3AA3-400C-A896-5134D76A7AE0}.Release|Any CPU.ActiveCfg = Release|Any CPU
		{41040A87-3AA3-400C-A896-5134D76A7AE0}.Release|Any CPU.Build.0 = Release|Any CPU
		{261B75BD-CC2C-4658-B4A9-914B16F24377}.Debug|Any CPU.ActiveCfg = Debug|Any CPU
		{261B75BD-CC2C-4658-B4A9-914B16F24377}.Debug|Any CPU.Build.0 = Debug|Any CPU
		{261B75BD-CC2C-4658-B4A9-914B16F24377}.Release|Any CPU.ActiveCfg = Release|Any CPU
		{261B75BD-CC2C-4658-B4A9-914B16F24377}.Release|Any CPU.Build.0 = Release|Any CPU
	EndGlobalSection
	GlobalSection(SolutionProperties) = preSolution
		HideSolutionNode = FALSE
	EndGlobalSection
	GlobalSection(ExtensibilityGlobals) = postSolution
		SolutionGuid = {05F01C54-2B3D-4E77-B806-737273EC7B5C}
	EndGlobalSection
EndGlobal
