
Microsoft Visual Studio Solution File, Format Version 12.00
# Visual Studio Version 17
VisualStudioVersion = 17.5.33627.172
MinimumVisualStudioVersion = 10.0.40219.1
Project("{9A19103F-16F7-4668-BE54-9A1E7A4F7556}") = "02-DataBase", "02-DataBase\02-DataBase.csproj", "{39B4B3E6-3057-493D-99C9-49EB91A6FF23}"
EndProject
Project("{9A19103F-16F7-4668-BE54-9A1E7A4F7556}") = "03-Delegate", "03-Delegate\03-Delegate.csproj", "{2A0A1A28-CD73-4AF5-8BBA-D5D78C44B41C}"
EndProject
Project("{9A19103F-16F7-4668-BE54-9A1E7A4F7556}") = "04-sqlSugar", "04-sqlSugar\04-sqlSugar.csproj", "{15138BAC-F719-420C-AAB3-F88A54E9296D}"
EndProject
Project("{9A19103F-16F7-4668-BE54-9A1E7A4F7556}") = "05-ObjectOriented", "05-ObjectOriented\05-ObjectOriented.csproj", "{616FD096-D44E-4FBB-BB35-DBE79500E9B0}"
EndProject
Project("{9A19103F-16F7-4668-BE54-9A1E7A4F7556}") = "01-Delegate", "01-Delegate\01-Delegate.csproj", "{8678605C-B627-40FD-81C0-D3B3704C0D02}"
EndProject
Project("{9A19103F-16F7-4668-BE54-9A1E7A4F7556}") = "02-Attribute", "02-Attribute\02-Attribute.csproj", "{61CF9318-0D17-4467-A089-949C3534A469}"
EndProject
Project("{9A19103F-16F7-4668-BE54-9A1E7A4F7556}") = "06-Redis", "06-Redis\06-Redis.csproj", "{716D3360-7BD8-4C3C-8CEB-48FD5976B511}"
EndProject
Project("{9A19103F-16F7-4668-BE54-9A1E7A4F7556}") = "00-TestHelper", "00-TestHelper\00-TestHelper.csproj", "{8D913251-F6A6-4771-965A-20B78A410B5D}"
EndProject
Project("{9A19103F-16F7-4668-BE54-9A1E7A4F7556}") = "07-DependencyInject", "07-DependencyInject\07-DependencyInject.csproj", "{76BF5092-05F1-4020-9F0F-26ECCA2C7DAD}"
EndProject
Project("{2150E333-8FDC-42A3-9474-1A3956D46DE8}") = "Lib", "Lib", "{894C87EF-54A1-4C54-B035-F0A296ADAA54}"
EndProject
Project("{9A19103F-16F7-4668-BE54-9A1E7A4F7556}") = "Alipay", "lib\Alipay\Alipay.csproj", "{AB432759-16E2-4DDB-8246-1C5432500DBA}"
EndProject
Project("{9A19103F-16F7-4668-BE54-9A1E7A4F7556}") = "IPay", "lib\IPay\IPay.csproj", "{B11A5FAA-E020-4972-950D-1502D3D08697}"
EndProject
Project("{9A19103F-16F7-4668-BE54-9A1E7A4F7556}") = "WxPay", "lib\WxPay\WxPay.csproj", "{1B3C8FD0-0852-4167-B8F6-DD0776C4AD11}"
EndProject
Project("{2150E333-8FDC-42A3-9474-1A3956D46DE8}") = "08-Logging", "08-Logging", "{6E5073E7-D7CC-4AB8-BA67-55DE75B44DB2}"
EndProject
Global
	GlobalSection(SolutionConfigurationPlatforms) = preSolution
		Debug|Any CPU = Debug|Any CPU
		Release|Any CPU = Release|Any CPU
	EndGlobalSection
	GlobalSection(ProjectConfigurationPlatforms) = postSolution
		{39B4B3E6-3057-493D-99C9-49EB91A6FF23}.Debug|Any CPU.ActiveCfg = Debug|Any CPU
		{39B4B3E6-3057-493D-99C9-49EB91A6FF23}.Debug|Any CPU.Build.0 = Debug|Any CPU
		{39B4B3E6-3057-493D-99C9-49EB91A6FF23}.Release|Any CPU.ActiveCfg = Release|Any CPU
		{39B4B3E6-3057-493D-99C9-49EB91A6FF23}.Release|Any CPU.Build.0 = Release|Any CPU
		{2A0A1A28-CD73-4AF5-8BBA-D5D78C44B41C}.Debug|Any CPU.ActiveCfg = Debug|Any CPU
		{2A0A1A28-CD73-4AF5-8BBA-D5D78C44B41C}.Debug|Any CPU.Build.0 = Debug|Any CPU
		{2A0A1A28-CD73-4AF5-8BBA-D5D78C44B41C}.Release|Any CPU.ActiveCfg = Release|Any CPU
		{2A0A1A28-CD73-4AF5-8BBA-D5D78C44B41C}.Release|Any CPU.Build.0 = Release|Any CPU
		{15138BAC-F719-420C-AAB3-F88A54E9296D}.Debug|Any CPU.ActiveCfg = Debug|Any CPU
		{15138BAC-F719-420C-AAB3-F88A54E9296D}.Debug|Any CPU.Build.0 = Debug|Any CPU
		{15138BAC-F719-420C-AAB3-F88A54E9296D}.Release|Any CPU.ActiveCfg = Release|Any CPU
		{15138BAC-F719-420C-AAB3-F88A54E9296D}.Release|Any CPU.Build.0 = Release|Any CPU
		{616FD096-D44E-4FBB-BB35-DBE79500E9B0}.Debug|Any CPU.ActiveCfg = Debug|Any CPU
		{616FD096-D44E-4FBB-BB35-DBE79500E9B0}.Debug|Any CPU.Build.0 = Debug|Any CPU
		{616FD096-D44E-4FBB-BB35-DBE79500E9B0}.Release|Any CPU.ActiveCfg = Release|Any CPU
		{616FD096-D44E-4FBB-BB35-DBE79500E9B0}.Release|Any CPU.Build.0 = Release|Any CPU
		{8678605C-B627-40FD-81C0-D3B3704C0D02}.Debug|Any CPU.ActiveCfg = Debug|Any CPU
		{8678605C-B627-40FD-81C0-D3B3704C0D02}.Debug|Any CPU.Build.0 = Debug|Any CPU
		{8678605C-B627-40FD-81C0-D3B3704C0D02}.Release|Any CPU.ActiveCfg = Release|Any CPU
		{8678605C-B627-40FD-81C0-D3B3704C0D02}.Release|Any CPU.Build.0 = Release|Any CPU
		{61CF9318-0D17-4467-A089-949C3534A469}.Debug|Any CPU.ActiveCfg = Debug|Any CPU
		{61CF9318-0D17-4467-A089-949C3534A469}.Debug|Any CPU.Build.0 = Debug|Any CPU
		{61CF9318-0D17-4467-A089-949C3534A469}.Release|Any CPU.ActiveCfg = Release|Any CPU
		{61CF9318-0D17-4467-A089-949C3534A469}.Release|Any CPU.Build.0 = Release|Any CPU
		{716D3360-7BD8-4C3C-8CEB-48FD5976B511}.Debug|Any CPU.ActiveCfg = Debug|Any CPU
		{716D3360-7BD8-4C3C-8CEB-48FD5976B511}.Debug|Any CPU.Build.0 = Debug|Any CPU
		{716D3360-7BD8-4C3C-8CEB-48FD5976B511}.Release|Any CPU.ActiveCfg = Release|Any CPU
		{716D3360-7BD8-4C3C-8CEB-48FD5976B511}.Release|Any CPU.Build.0 = Release|Any CPU
		{8D913251-F6A6-4771-965A-20B78A410B5D}.Debug|Any CPU.ActiveCfg = Debug|Any CPU
		{8D913251-F6A6-4771-965A-20B78A410B5D}.Debug|Any CPU.Build.0 = Debug|Any CPU
		{8D913251-F6A6-4771-965A-20B78A410B5D}.Release|Any CPU.ActiveCfg = Release|Any CPU
		{8D913251-F6A6-4771-965A-20B78A410B5D}.Release|Any CPU.Build.0 = Release|Any CPU
		{76BF5092-05F1-4020-9F0F-26ECCA2C7DAD}.Debug|Any CPU.ActiveCfg = Debug|Any CPU
		{76BF5092-05F1-4020-9F0F-26ECCA2C7DAD}.Debug|Any CPU.Build.0 = Debug|Any CPU
		{76BF5092-05F1-4020-9F0F-26ECCA2C7DAD}.Release|Any CPU.ActiveCfg = Release|Any CPU
		{76BF5092-05F1-4020-9F0F-26ECCA2C7DAD}.Release|Any CPU.Build.0 = Release|Any CPU
		{AB432759-16E2-4DDB-8246-1C5432500DBA}.Debug|Any CPU.ActiveCfg = Debug|Any CPU
		{AB432759-16E2-4DDB-8246-1C5432500DBA}.Debug|Any CPU.Build.0 = Debug|Any CPU
		{AB432759-16E2-4DDB-8246-1C5432500DBA}.Release|Any CPU.ActiveCfg = Release|Any CPU
		{AB432759-16E2-4DDB-8246-1C5432500DBA}.Release|Any CPU.Build.0 = Release|Any CPU
		{B11A5FAA-E020-4972-950D-1502D3D08697}.Debug|Any CPU.ActiveCfg = Debug|Any CPU
		{B11A5FAA-E020-4972-950D-1502D3D08697}.Debug|Any CPU.Build.0 = Debug|Any CPU
		{B11A5FAA-E020-4972-950D-1502D3D08697}.Release|Any CPU.ActiveCfg = Release|Any CPU
		{B11A5FAA-E020-4972-950D-1502D3D08697}.Release|Any CPU.Build.0 = Release|Any CPU
		{1B3C8FD0-0852-4167-B8F6-DD0776C4AD11}.Debug|Any CPU.ActiveCfg = Debug|Any CPU
		{1B3C8FD0-0852-4167-B8F6-DD0776C4AD11}.Debug|Any CPU.Build.0 = Debug|Any CPU
		{1B3C8FD0-0852-4167-B8F6-DD0776C4AD11}.Release|Any CPU.ActiveCfg = Release|Any CPU
		{1B3C8FD0-0852-4167-B8F6-DD0776C4AD11}.Release|Any CPU.Build.0 = Release|Any CPU
	EndGlobalSection
	GlobalSection(SolutionProperties) = preSolution
		HideSolutionNode = FALSE
	EndGlobalSection
	GlobalSection(NestedProjects) = preSolution
		{AB432759-16E2-4DDB-8246-1C5432500DBA} = {894C87EF-54A1-4C54-B035-F0A296ADAA54}
		{B11A5FAA-E020-4972-950D-1502D3D08697} = {894C87EF-54A1-4C54-B035-F0A296ADAA54}
		{1B3C8FD0-0852-4167-B8F6-DD0776C4AD11} = {894C87EF-54A1-4C54-B035-F0A296ADAA54}
	EndGlobalSection
	GlobalSection(ExtensibilityGlobals) = postSolution
		SolutionGuid = {28DCB10C-599C-430C-AFFE-EC882904758A}
	EndGlobalSection
EndGlobal
